
Microsoft Visual Studio Solution File, Format Version 12.00
# Visual Studio Version 16
VisualStudioVersion = 16.0.31613.86
MinimumVisualStudioVersion = 10.0.40219.1
Project("{FAE04EC0-301F-11D3-BF4B-00C04F79EFBC}") = "s6Loop", "s6Loop\s6Loop.csproj", "{B4709128-138A-4136-BA43-15E0ECE25376}"
EndProject
Global
	GlobalSection(SolutionConfigurationPlatforms) = preSolution
		Debug|Any CPU = Debug|Any CPU
		Release|Any CPU = Release|Any CPU
	EndGlobalSection
	GlobalSection(ProjectConfigurationPlatforms) = postSolution
		{B4709128-138A-4136-BA43-15E0ECE25376}.Debug|Any CPU.ActiveCfg = Debug|Any CPU
		{B4709128-138A-4136-BA43-15E0ECE25376}.Debug|Any CPU.Build.0 = Debug|Any CPU
		{B4709128-138A-4136-BA43-15E0ECE25376}.Release|Any CPU.ActiveCfg = Release|Any CPU
		{B4709128-138A-4136-BA43-15E0ECE25376}.Release|Any CPU.Build.0 = Release|Any CPU
	EndGlobalSection
	GlobalSection(SolutionProperties) = preSolution
		HideSolutionNode = FALSE
	EndGlobalSection
	GlobalSection(ExtensibilityGlobals) = postSolution
		SolutionGuid = {30EA7D50-3F61-4B11-964F-DBF0EDC6C3CA}
	EndGlobalSection
EndGlobal
